
Microsoft Visual Studio Solution File, Format Version 12.00
# Visual Studio Version 17
VisualStudioVersion = 17.10.34928.147
MinimumVisualStudioVersion = 10.0.40219.1
Project("{FAE04EC0-301F-11D3-BF4B-00C04F79EFBC}") = "Mercader", "Mercader.csproj", "{9102FA30-10F6-4FB1-BB18-8E907A9E18ED}"
EndProject
Project("{FAE04EC0-301F-11D3-BF4B-00C04F79EFBC}") = "Mercader.Tests", "Mercader.Tests\Mercader.Tests.csproj", "{447C992B-CDF5-4A5D-A7D6-321626572029}"
EndProject
Project("{FAE04EC0-301F-11D3-BF4B-00C04F79EFBC}") = "Mercader.Core", "Mercader.Core\Mercader.Core.csproj", "{F23BC3CD-3B41-4F09-8DCF-98EE01EF01F3}"
EndProject
Global
	GlobalSection(SolutionConfigurationPlatforms) = preSolution
		Debug|Any CPU = Debug|Any CPU
		Debug|x64 = Debug|x64
		Debug|x86 = Debug|x86
		Release|Any CPU = Release|Any CPU
		Release|x64 = Release|x64
		Release|x86 = Release|x86
	EndGlobalSection
	GlobalSection(ProjectConfigurationPlatforms) = postSolution
		{9102FA30-10F6-4FB1-BB18-8E907A9E18ED}.Debug|Any CPU.ActiveCfg = Debug|Any CPU
		{9102FA30-10F6-4FB1-BB18-8E907A9E18ED}.Debug|Any CPU.Build.0 = Debug|Any CPU
		{9102FA30-10F6-4FB1-BB18-8E907A9E18ED}.Debug|Any CPU.Deploy.0 = Debug|Any CPU
		{9102FA30-10F6-4FB1-BB18-8E907A9E18ED}.Debug|x64.ActiveCfg = Debug|Any CPU
		{9102FA30-10F6-4FB1-BB18-8E907A9E18ED}.Debug|x64.Build.0 = Debug|Any CPU
		{9102FA30-10F6-4FB1-BB18-8E907A9E18ED}.Debug|x86.ActiveCfg = Debug|Any CPU
		{9102FA30-10F6-4FB1-BB18-8E907A9E18ED}.Debug|x86.Build.0 = Debug|Any CPU
		{9102FA30-10F6-4FB1-BB18-8E907A9E18ED}.Release|Any CPU.ActiveCfg = Release|Any CPU
		{9102FA30-10F6-4FB1-BB18-8E907A9E18ED}.Release|Any CPU.Build.0 = Release|Any CPU
		{9102FA30-10F6-4FB1-BB18-8E907A9E18ED}.Release|Any CPU.Deploy.0 = Release|Any CPU
		{9102FA30-10F6-4FB1-BB18-8E907A9E18ED}.Release|x64.ActiveCfg = Release|Any CPU
		{9102FA30-10F6-4FB1-BB18-8E907A9E18ED}.Release|x64.Build.0 = Release|Any CPU
		{9102FA30-10F6-4FB1-BB18-8E907A9E18ED}.Release|x86.ActiveCfg = Release|Any CPU
		{9102FA30-10F6-4FB1-BB18-8E907A9E18ED}.Release|x86.Build.0 = Release|Any CPU
		{447C992B-CDF5-4A5D-A7D6-321626572029}.Debug|Any CPU.ActiveCfg = Debug|Any CPU
		{447C992B-CDF5-4A5D-A7D6-321626572029}.Debug|Any CPU.Build.0 = Debug|Any CPU
		{447C992B-CDF5-4A5D-A7D6-321626572029}.Debug|x64.ActiveCfg = Debug|Any CPU
		{447C992B-CDF5-4A5D-A7D6-321626572029}.Debug|x64.Build.0 = Debug|Any CPU
		{447C992B-CDF5-4A5D-A7D6-321626572029}.Debug|x86.ActiveCfg = Debug|Any CPU
		{447C992B-CDF5-4A5D-A7D6-321626572029}.Debug|x86.Build.0 = Debug|Any CPU
		{447C992B-CDF5-4A5D-A7D6-321626572029}.Release|Any CPU.ActiveCfg = Release|Any CPU
		{447C992B-CDF5-4A5D-A7D6-321626572029}.Release|Any CPU.Build.0 = Release|Any CPU
		{447C992B-CDF5-4A5D-A7D6-321626572029}.Release|x64.ActiveCfg = Release|Any CPU
		{447C992B-CDF5-4A5D-A7D6-321626572029}.Release|x64.Build.0 = Release|Any CPU
		{447C992B-CDF5-4A5D-A7D6-321626572029}.Release|x86.ActiveCfg = Release|Any CPU
		{447C992B-CDF5-4A5D-A7D6-321626572029}.Release|x86.Build.0 = Release|Any CPU
		{F23BC3CD-3B41-4F09-8DCF-98EE01EF01F3}.Debug|Any CPU.ActiveCfg = Debug|Any CPU
		{F23BC3CD-3B41-4F09-8DCF-98EE01EF01F3}.Debug|Any CPU.Build.0 = Debug|Any CPU
		{F23BC3CD-3B41-4F09-8DCF-98EE01EF01F3}.Debug|x64.ActiveCfg = Debug|Any CPU
		{F23BC3CD-3B41-4F09-8DCF-98EE01EF01F3}.Debug|x64.Build.0 = Debug|Any CPU
		{F23BC3CD-3B41-4F09-8DCF-98EE01EF01F3}.Debug|x86.ActiveCfg = Debug|Any CPU
		{F23BC3CD-3B41-4F09-8DCF-98EE01EF01F3}.Debug|x86.Build.0 = Debug|Any CPU
		{F23BC3CD-3B41-4F09-8DCF-98EE01EF01F3}.Release|Any CPU.ActiveCfg = Release|Any CPU
		{F23BC3CD-3B41-4F09-8DCF-98EE01EF01F3}.Release|Any CPU.Build.0 = Release|Any CPU
		{F23BC3CD-3B41-4F09-8DCF-98EE01EF01F3}.Release|x64.ActiveCfg = Release|Any CPU
		{F23BC3CD-3B41-4F09-8DCF-98EE01EF01F3}.Release|x64.Build.0 = Release|Any CPU
		{F23BC3CD-3B41-4F09-8DCF-98EE01EF01F3}.Release|x86.ActiveCfg = Release|Any CPU
		{F23BC3CD-3B41-4F09-8DCF-98EE01EF01F3}.Release|x86.Build.0 = Release|Any CPU
	EndGlobalSection
	GlobalSection(SolutionProperties) = preSolution
		HideSolutionNode = FALSE
	EndGlobalSection
	GlobalSection(ExtensibilityGlobals) = postSolution
		SolutionGuid = {48C5ABA4-B877-4C53-B6D2-A22AFF1DF039}
	EndGlobalSection
EndGlobal
